
Microsoft Visual Studio Solution File, Format Version 12.00
Project("{FAE04EC0-301F-11D3-BF4B-00C04F79EFBC}") = "dotnetCore7EmployeeAPI", "dotnetCore7EmployeeAPI\dotnetCore7EmployeeAPI.csproj", "{043F7B59-0890-499A-BDB1-04D33EFB2C1A}"
EndProject
Global
	GlobalSection(SolutionConfigurationPlatforms) = preSolution
		Debug|Any CPU = Debug|Any CPU
		Release|Any CPU = Release|Any CPU
	EndGlobalSection
	GlobalSection(ProjectConfigurationPlatforms) = postSolution
		{043F7B59-0890-499A-BDB1-04D33EFB2C1A}.Debug|Any CPU.ActiveCfg = Debug|Any CPU
		{043F7B59-0890-499A-BDB1-04D33EFB2C1A}.Debug|Any CPU.Build.0 = Debug|Any CPU
		{043F7B59-0890-499A-BDB1-04D33EFB2C1A}.Release|Any CPU.ActiveCfg = Release|Any CPU
		{043F7B59-0890-499A-BDB1-04D33EFB2C1A}.Release|Any CPU.Build.0 = Release|Any CPU
	EndGlobalSection
EndGlobal
